// !$*UTF8*$!
{
	archiveVersion = 1;
	classes = {
	};
	objectVersion = 50;
	objects = {

/* Begin PBXBuildFile section */
		370565C0249E96CB00AB4D1F /* AppDelegate.swift in Sources */ = {isa = PBXBuildFile; fileRef = 370565BF249E96CB00AB4D1F /* AppDelegate.swift */; };
		370565C2249E96CB00AB4D1F /* GameScene.sks in Resources */ = {isa = PBXBuildFile; fileRef = 370565C1249E96CB00AB4D1F /* GameScene.sks */; };
		370565C6249E96CB00AB4D1F /* GameScene.swift in Sources */ = {isa = PBXBuildFile; fileRef = 370565C5249E96CB00AB4D1F /* GameScene.swift */; };
		370565C8249E96CB00AB4D1F /* GameViewController.swift in Sources */ = {isa = PBXBuildFile; fileRef = 370565C7249E96CB00AB4D1F /* GameViewController.swift */; };
		370565CB249E96CB00AB4D1F /* Main.storyboard in Resources */ = {isa = PBXBuildFile; fileRef = 370565C9249E96CB00AB4D1F /* Main.storyboard */; };
		370565CD249E96CC00AB4D1F /* Assets.xcassets in Resources */ = {isa = PBXBuildFile; fileRef = 370565CC249E96CC00AB4D1F /* Assets.xcassets */; };
		370565D0249E96CC00AB4D1F /* LaunchScreen.storyboard in Resources */ = {isa = PBXBuildFile; fileRef = 370565CE249E96CC00AB4D1F /* LaunchScreen.storyboard */; };
		370565DB249E96CD00AB4D1F /* crabTests.swift in Sources */ = {isa = PBXBuildFile; fileRef = 370565DA249E96CD00AB4D1F /* crabTests.swift */; };
		370565E6249E96CD00AB4D1F /* crabUITests.swift in Sources */ = {isa = PBXBuildFile; fileRef = 370565E5249E96CD00AB4D1F /* crabUITests.swift */; };
		370565FA249EA4BD00AB4D1F /* Player.swift in Sources */ = {isa = PBXBuildFile; fileRef = 370565F9249EA4BD00AB4D1F /* Player.swift */; };
		370565FC249EC07200AB4D1F /* GameManager.swift in Sources */ = {isa = PBXBuildFile; fileRef = 370565FB249EC07200AB4D1F /* GameManager.swift */; };
		376C7B5124A30BA20003D7D5 /* joe_anime.mp3 in Resources */ = {isa = PBXBuildFile; fileRef = 376C7B5024A30BA20003D7D5 /* joe_anime.mp3 */; };
		37B823CE24A3E26F000E4CEF /* left.wav in Resources */ = {isa = PBXBuildFile; fileRef = 37B823CC24A3E26F000E4CEF /* left.wav */; };
		37B823CF24A3E26F000E4CEF /* up.wav in Resources */ = {isa = PBXBuildFile; fileRef = 37B823CD24A3E26F000E4CEF /* up.wav */; };
		37B823D224A3E27B000E4CEF /* down.wav in Resources */ = {isa = PBXBuildFile; fileRef = 37B823D024A3E27B000E4CEF /* down.wav */; };
		37B823D324A3E27C000E4CEF /* right.wav in Resources */ = {isa = PBXBuildFile; fileRef = 37B823D124A3E27B000E4CEF /* right.wav */; };
		37B823D924A3E862000E4CEF /* eat.wav in Resources */ = {isa = PBXBuildFile; fileRef = 37B823D824A3E862000E4CEF /* eat.wav */; };
/* End PBXBuildFile section */

/* Begin PBXContainerItemProxy section */
		370565D7249E96CD00AB4D1F /* PBXContainerItemProxy */ = {
			isa = PBXContainerItemProxy;
			containerPortal = 370565B4249E96CB00AB4D1F /* Project object */;
			proxyType = 1;
			remoteGlobalIDString = 370565BB249E96CB00AB4D1F;
			remoteInfo = crab;
		};
		370565E2249E96CD00AB4D1F /* PBXContainerItemProxy */ = {
			isa = PBXContainerItemProxy;
			containerPortal = 370565B4249E96CB00AB4D1F /* Project object */;
			proxyType = 1;
			remoteGlobalIDString = 370565BB249E96CB00AB4D1F;
			remoteInfo = crab;
		};
/* End PBXContainerItemProxy section */

/* Begin PBXFileReference section */
		370565BC249E96CB00AB4D1F /* George.app */ = {isa = PBXFileReference; explicitFileType = wrapper.application; includeInIndex = 0; path = George.app; sourceTree = BUILT_PRODUCTS_DIR; };
		370565BF249E96CB00AB4D1F /* AppDelegate.swift */ = {isa = PBXFileReference; lastKnownFileType = sourcecode.swift; path = AppDelegate.swift; sourceTree = "<group>"; };
		370565C1249E96CB00AB4D1F /* GameScene.sks */ = {isa = PBXFileReference; lastKnownFileType = file.sks; path = GameScene.sks; sourceTree = "<group>"; };
		370565C5249E96CB00AB4D1F /* GameScene.swift */ = {isa = PBXFileReference; lastKnownFileType = sourcecode.swift; path = GameScene.swift; sourceTree = "<group>"; };
		370565C7249E96CB00AB4D1F /* GameViewController.swift */ = {isa = PBXFileReference; lastKnownFileType = sourcecode.swift; path = GameViewController.swift; sourceTree = "<group>"; };
		370565CA249E96CB00AB4D1F /* Base */ = {isa = PBXFileReference; lastKnownFileType = file.storyboard; name = Base; path = Base.lproj/Main.storyboard; sourceTree = "<group>"; };
		370565CC249E96CC00AB4D1F /* Assets.xcassets */ = {isa = PBXFileReference; lastKnownFileType = folder.assetcatalog; path = Assets.xcassets; sourceTree = "<group>"; };
		370565CF249E96CC00AB4D1F /* Base */ = {isa = PBXFileReference; lastKnownFileType = file.storyboard; name = Base; path = Base.lproj/LaunchScreen.storyboard; sourceTree = "<group>"; };
		370565D1249E96CC00AB4D1F /* Info.plist */ = {isa = PBXFileReference; lastKnownFileType = text.plist.xml; path = Info.plist; sourceTree = "<group>"; };
		370565D6249E96CD00AB4D1F /* crabTests.xctest */ = {isa = PBXFileReference; explicitFileType = wrapper.cfbundle; includeInIndex = 0; path = crabTests.xctest; sourceTree = BUILT_PRODUCTS_DIR; };
		370565DA249E96CD00AB4D1F /* crabTests.swift */ = {isa = PBXFileReference; lastKnownFileType = sourcecode.swift; path = crabTests.swift; sourceTree = "<group>"; };
		370565DC249E96CD00AB4D1F /* Info.plist */ = {isa = PBXFileReference; lastKnownFileType = text.plist.xml; path = Info.plist; sourceTree = "<group>"; };
		370565E1249E96CD00AB4D1F /* crabUITests.xctest */ = {isa = PBXFileReference; explicitFileType = wrapper.cfbundle; includeInIndex = 0; path = crabUITests.xctest; sourceTree = BUILT_PRODUCTS_DIR; };
		370565E5249E96CD00AB4D1F /* crabUITests.swift */ = {isa = PBXFileReference; lastKnownFileType = sourcecode.swift; path = crabUITests.swift; sourceTree = "<group>"; };
		370565E7249E96CD00AB4D1F /* Info.plist */ = {isa = PBXFileReference; lastKnownFileType = text.plist.xml; path = Info.plist; sourceTree = "<group>"; };
		370565F9249EA4BD00AB4D1F /* Player.swift */ = {isa = PBXFileReference; lastKnownFileType = sourcecode.swift; path = Player.swift; sourceTree = "<group>"; };
		370565FB249EC07200AB4D1F /* GameManager.swift */ = {isa = PBXFileReference; lastKnownFileType = sourcecode.swift; path = GameManager.swift; sourceTree = "<group>"; };
		376C7B5024A30BA20003D7D5 /* joe_anime.mp3 */ = {isa = PBXFileReference; lastKnownFileType = audio.mp3; path = joe_anime.mp3; sourceTree = "<group>"; };
		37B823CC24A3E26F000E4CEF /* left.wav */ = {isa = PBXFileReference; lastKnownFileType = audio.wav; path = left.wav; sourceTree = "<group>"; };
		37B823CD24A3E26F000E4CEF /* up.wav */ = {isa = PBXFileReference; lastKnownFileType = audio.wav; path = up.wav; sourceTree = "<group>"; };
		37B823D024A3E27B000E4CEF /* down.wav */ = {isa = PBXFileReference; lastKnownFileType = audio.wav; path = down.wav; sourceTree = "<group>"; };
		37B823D124A3E27B000E4CEF /* right.wav */ = {isa = PBXFileReference; lastKnownFileType = audio.wav; path = right.wav; sourceTree = "<group>"; };
		37B823D824A3E862000E4CEF /* eat.wav */ = {isa = PBXFileReference; lastKnownFileType = audio.wav; path = eat.wav; sourceTree = "<group>"; };
/* End PBXFileReference section */

/* Begin PBXFrameworksBuildPhase section */
		370565B9249E96CB00AB4D1F /* Frameworks */ = {
			isa = PBXFrameworksBuildPhase;
			buildActionMask = 2147483647;
			files = (
			);
			runOnlyForDeploymentPostprocessing = 0;
		};
		370565D3249E96CD00AB4D1F /* Frameworks */ = {
			isa = PBXFrameworksBuildPhase;
			buildActionMask = 2147483647;
			files = (
			);
			runOnlyForDeploymentPostprocessing = 0;
		};
		370565DE249E96CD00AB4D1F /* Frameworks */ = {
			isa = PBXFrameworksBuildPhase;
			buildActionMask = 2147483647;
			files = (
			);
			runOnlyForDeploymentPostprocessing = 0;
		};
/* End PBXFrameworksBuildPhase section */

/* Begin PBXGroup section */
		370565B3249E96CB00AB4D1F = {
			isa = PBXGroup;
			children = (
				370565BE249E96CB00AB4D1F /* crab */,
				370565D9249E96CD00AB4D1F /* crabTests */,
				370565E4249E96CD00AB4D1F /* crabUITests */,
				370565BD249E96CB00AB4D1F /* Products */,
			);
			sourceTree = "<group>";
		};
		370565BD249E96CB00AB4D1F /* Products */ = {
			isa = PBXGroup;
			children = (
				370565BC249E96CB00AB4D1F /* George.app */,
				370565D6249E96CD00AB4D1F /* crabTests.xctest */,
				370565E1249E96CD00AB4D1F /* crabUITests.xctest */,
			);
			name = Products;
			sourceTree = "<group>";
		};
		370565BE249E96CB00AB4D1F /* crab */ = {
			isa = PBXGroup;
			children = (
				37B823CB24A3DA86000E4CEF /* Sounds */,
				370565BF249E96CB00AB4D1F /* AppDelegate.swift */,
				370565C1249E96CB00AB4D1F /* GameScene.sks */,
				370565C5249E96CB00AB4D1F /* GameScene.swift */,
				370565C7249E96CB00AB4D1F /* GameViewController.swift */,
				370565C9249E96CB00AB4D1F /* Main.storyboard */,
				370565CC249E96CC00AB4D1F /* Assets.xcassets */,
				370565CE249E96CC00AB4D1F /* LaunchScreen.storyboard */,
				370565D1249E96CC00AB4D1F /* Info.plist */,
				370565F9249EA4BD00AB4D1F /* Player.swift */,
				370565FB249EC07200AB4D1F /* GameManager.swift */,
			);
			path = crab;
			sourceTree = "<group>";
		};
		370565D9249E96CD00AB4D1F /* crabTests */ = {
			isa = PBXGroup;
			children = (
				370565DA249E96CD00AB4D1F /* crabTests.swift */,
				370565DC249E96CD00AB4D1F /* Info.plist */,
			);
			path = crabTests;
			sourceTree = "<group>";
		};
		370565E4249E96CD00AB4D1F /* crabUITests */ = {
			isa = PBXGroup;
			children = (
				370565E5249E96CD00AB4D1F /* crabUITests.swift */,
				370565E7249E96CD00AB4D1F /* Info.plist */,
			);
			path = crabUITests;
			sourceTree = "<group>";
		};
		37B823CB24A3DA86000E4CEF /* Sounds */ = {
			isa = PBXGroup;
			children = (
				37B823CC24A3E26F000E4CEF /* left.wav */,
				37B823CD24A3E26F000E4CEF /* up.wav */,
				37B823D124A3E27B000E4CEF /* right.wav */,
				37B823D024A3E27B000E4CEF /* down.wav */,
				37B823D824A3E862000E4CEF /* eat.wav */,
				376C7B5024A30BA20003D7D5 /* joe_anime.mp3 */,
			);
			path = Sounds;
			sourceTree = "<group>";
		};
/* End PBXGroup section */

/* Begin PBXNativeTarget section */
		370565BB249E96CB00AB4D1F /* crab */ = {
			isa = PBXNativeTarget;
			buildConfigurationList = 370565EA249E96CD00AB4D1F /* Build configuration list for PBXNativeTarget "crab" */;
			buildPhases = (
				370565B8249E96CB00AB4D1F /* Sources */,
				370565B9249E96CB00AB4D1F /* Frameworks */,
				370565BA249E96CB00AB4D1F /* Resources */,
			);
			buildRules = (
			);
			dependencies = (
			);
			name = crab;
			productName = crab;
			productReference = 370565BC249E96CB00AB4D1F /* George.app */;
			productType = "com.apple.product-type.application";
		};
		370565D5249E96CD00AB4D1F /* crabTests */ = {
			isa = PBXNativeTarget;
			buildConfigurationList = 370565ED249E96CD00AB4D1F /* Build configuration list for PBXNativeTarget "crabTests" */;
			buildPhases = (
				370565D2249E96CD00AB4D1F /* Sources */,
				370565D3249E96CD00AB4D1F /* Frameworks */,
				370565D4249E96CD00AB4D1F /* Resources */,
			);
			buildRules = (
			);
			dependencies = (
				370565D8249E96CD00AB4D1F /* PBXTargetDependency */,
			);
			name = crabTests;
			productName = crabTests;
			productReference = 370565D6249E96CD00AB4D1F /* crabTests.xctest */;
			productType = "com.apple.product-type.bundle.unit-test";
		};
		370565E0249E96CD00AB4D1F /* crabUITests */ = {
			isa = PBXNativeTarget;
			buildConfigurationList = 370565F0249E96CD00AB4D1F /* Build configuration list for PBXNativeTarget "crabUITests" */;
			buildPhases = (
				370565DD249E96CD00AB4D1F /* Sources */,
				370565DE249E96CD00AB4D1F /* Frameworks */,
				370565DF249E96CD00AB4D1F /* Resources */,
			);
			buildRules = (
			);
			dependencies = (
				370565E3249E96CD00AB4D1F /* PBXTargetDependency */,
			);
			name = crabUITests;
			productName = crabUITests;
			productReference = 370565E1249E96CD00AB4D1F /* crabUITests.xctest */;
			productType = "com.apple.product-type.bundle.ui-testing";
		};
/* End PBXNativeTarget section */

/* Begin PBXProject section */
		370565B4249E96CB00AB4D1F /* Project object */ = {
			isa = PBXProject;
			attributes = {
				LastSwiftUpdateCheck = 1150;
				LastUpgradeCheck = 1150;
				ORGANIZATIONNAME = "Vincent Qi";
				TargetAttributes = {
					370565BB249E96CB00AB4D1F = {
						CreatedOnToolsVersion = 11.5;
					};
					370565D5249E96CD00AB4D1F = {
						CreatedOnToolsVersion = 11.5;
						TestTargetID = 370565BB249E96CB00AB4D1F;
					};
					370565E0249E96CD00AB4D1F = {
						CreatedOnToolsVersion = 11.5;
						TestTargetID = 370565BB249E96CB00AB4D1F;
					};
				};
			};
			buildConfigurationList = 370565B7249E96CB00AB4D1F /* Build configuration list for PBXProject "crab" */;
			compatibilityVersion = "Xcode 9.3";
			developmentRegion = en;
			hasScannedForEncodings = 0;
			knownRegions = (
				en,
				Base,
			);
			mainGroup = 370565B3249E96CB00AB4D1F;
			productRefGroup = 370565BD249E96CB00AB4D1F /* Products */;
			projectDirPath = "";
			projectRoot = "";
			targets = (
				370565BB249E96CB00AB4D1F /* crab */,
				370565D5249E96CD00AB4D1F /* crabTests */,
				370565E0249E96CD00AB4D1F /* crabUITests */,
			);
		};
/* End PBXProject section */

/* Begin PBXResourcesBuildPhase section */
		370565BA249E96CB00AB4D1F /* Resources */ = {
			isa = PBXResourcesBuildPhase;
			buildActionMask = 2147483647;
			files = (
				37B823CE24A3E26F000E4CEF /* left.wav in Resources */,
				37B823D224A3E27B000E4CEF /* down.wav in Resources */,
				37B823D324A3E27C000E4CEF /* right.wav in Resources */,
				370565CB249E96CB00AB4D1F /* Main.storyboard in Resources */,
				370565C2249E96CB00AB4D1F /* GameScene.sks in Resources */,
				37B823D924A3E862000E4CEF /* eat.wav in Resources */,
				370565CD249E96CC00AB4D1F /* Assets.xcassets in Resources */,
				376C7B5124A30BA20003D7D5 /* joe_anime.mp3 in Resources */,
				370565D0249E96CC00AB4D1F /* LaunchScreen.storyboard in Resources */,
				37B823CF24A3E26F000E4CEF /* up.wav in Resources */,
			);
			runOnlyForDeploymentPostprocessing = 0;
		};
		370565D4249E96CD00AB4D1F /* Resources */ = {
			isa = PBXResourcesBuildPhase;
			buildActionMask = 2147483647;
			files = (
			);
			runOnlyForDeploymentPostprocessing = 0;
		};
		370565DF249E96CD00AB4D1F /* Resources */ = {
			isa = PBXResourcesBuildPhase;
			buildActionMask = 2147483647;
			files = (
			);
			runOnlyForDeploymentPostprocessing = 0;
		};
/* End PBXResourcesBuildPhase section */

/* Begin PBXSourcesBuildPhase section */
		370565B8249E96CB00AB4D1F /* Sources */ = {
			isa = PBXSourcesBuildPhase;
			buildActionMask = 2147483647;
			files = (
				370565FA249EA4BD00AB4D1F /* Player.swift in Sources */,
				370565C6249E96CB00AB4D1F /* GameScene.swift in Sources */,
				370565C8249E96CB00AB4D1F /* GameViewController.swift in Sources */,
				370565C0249E96CB00AB4D1F /* AppDelegate.swift in Sources */,
				370565FC249EC07200AB4D1F /* GameManager.swift in Sources */,
			);
			runOnlyForDeploymentPostprocessing = 0;
		};
		370565D2249E96CD00AB4D1F /* Sources */ = {
			isa = PBXSourcesBuildPhase;
			buildActionMask = 2147483647;
			files = (
				370565DB249E96CD00AB4D1F /* crabTests.swift in Sources */,
			);
			runOnlyForDeploymentPostprocessing = 0;
		};
		370565DD249E96CD00AB4D1F /* Sources */ = {
			isa = PBXSourcesBuildPhase;
			buildActionMask = 2147483647;
			files = (
				370565E6249E96CD00AB4D1F /* crabUITests.swift in Sources */,
			);
			runOnlyForDeploymentPostprocessing = 0;
		};
/* End PBXSourcesBuildPhase section */

/* Begin PBXTargetDependency section */
		370565D8249E96CD00AB4D1F /* PBXTargetDependency */ = {
			isa = PBXTargetDependency;
			target = 370565BB249E96CB00AB4D1F /* crab */;
			targetProxy = 370565D7249E96CD00AB4D1F /* PBXContainerItemProxy */;
		};
		370565E3249E96CD00AB4D1F /* PBXTargetDependency */ = {
			isa = PBXTargetDependency;
			target = 370565BB249E96CB00AB4D1F /* crab */;
			targetProxy = 370565E2249E96CD00AB4D1F /* PBXContainerItemProxy */;
		};
/* End PBXTargetDependency section */

/* Begin PBXVariantGroup section */
		370565C9249E96CB00AB4D1F /* Main.storyboard */ = {
			isa = PBXVariantGroup;
			children = (
				370565CA249E96CB00AB4D1F /* Base */,
			);
			name = Main.storyboard;
			sourceTree = "<group>";
		};
		370565CE249E96CC00AB4D1F /* LaunchScreen.storyboard */ = {
			isa = PBXVariantGroup;
			children = (
				370565CF249E96CC00AB4D1F /* Base */,
			);
			name = LaunchScreen.storyboard;
			sourceTree = "<group>";
		};
/* End PBXVariantGroup section */

/* Begin XCBuildConfiguration section */
		370565E8249E96CD00AB4D1F /* Debug */ = {
			isa = XCBuildConfiguration;
			buildSettings = {
				ALWAYS_SEARCH_USER_PATHS = NO;
				CLANG_ANALYZER_NONNULL = YES;
				CLANG_ANALYZER_NUMBER_OBJECT_CONVERSION = YES_AGGRESSIVE;
				CLANG_CXX_LANGUAGE_STANDARD = "gnu++14";
				CLANG_CXX_LIBRARY = "libc++";
				CLANG_ENABLE_MODULES = YES;
				CLANG_ENABLE_OBJC_ARC = YES;
				CLANG_ENABLE_OBJC_WEAK = YES;
				CLANG_WARN_BLOCK_CAPTURE_AUTORELEASING = YES;
				CLANG_WARN_BOOL_CONVERSION = YES;
				CLANG_WARN_COMMA = YES;
				CLANG_WARN_CONSTANT_CONVERSION = YES;
				CLANG_WARN_DEPRECATED_OBJC_IMPLEMENTATIONS = YES;
				CLANG_WARN_DIRECT_OBJC_ISA_USAGE = YES_ERROR;
				CLANG_WARN_DOCUMENTATION_COMMENTS = YES;
				CLANG_WARN_EMPTY_BODY = YES;
				CLANG_WARN_ENUM_CONVERSION = YES;
				CLANG_WARN_INFINITE_RECURSION = YES;
				CLANG_WARN_INT_CONVERSION = YES;
				CLANG_WARN_NON_LITERAL_NULL_CONVERSION = YES;
				CLANG_WARN_OBJC_IMPLICIT_RETAIN_SELF = YES;
				CLANG_WARN_OBJC_LITERAL_CONVERSION = YES;
				CLANG_WARN_OBJC_ROOT_CLASS = YES_ERROR;
				CLANG_WARN_RANGE_LOOP_ANALYSIS = YES;
				CLANG_WARN_STRICT_PROTOTYPES = YES;
				CLANG_WARN_SUSPICIOUS_MOVE = YES;
				CLANG_WARN_UNGUARDED_AVAILABILITY = YES_AGGRESSIVE;
				CLANG_WARN_UNREACHABLE_CODE = YES;
				CLANG_WARN__DUPLICATE_METHOD_MATCH = YES;
				COPY_PHASE_STRIP = NO;
				DEBUG_INFORMATION_FORMAT = dwarf;
				ENABLE_STRICT_OBJC_MSGSEND = YES;
				ENABLE_TESTABILITY = YES;
				GCC_C_LANGUAGE_STANDARD = gnu11;
				GCC_DYNAMIC_NO_PIC = NO;
				GCC_NO_COMMON_BLOCKS = YES;
				GCC_OPTIMIZATION_LEVEL = 0;
				GCC_PREPROCESSOR_DEFINITIONS = (
					"DEBUG=1",
					"$(inherited)",
				);
				GCC_WARN_64_TO_32_BIT_CONVERSION = YES;
				GCC_WARN_ABOUT_RETURN_TYPE = YES_ERROR;
				GCC_WARN_UNDECLARED_SELECTOR = YES;
				GCC_WARN_UNINITIALIZED_AUTOS = YES_AGGRESSIVE;
				GCC_WARN_UNUSED_FUNCTION = YES;
				GCC_WARN_UNUSED_VARIABLE = YES;
				IPHONEOS_DEPLOYMENT_TARGET = 13.5;
				MTL_ENABLE_DEBUG_INFO = INCLUDE_SOURCE;
				MTL_FAST_MATH = YES;
				ONLY_ACTIVE_ARCH = YES;
				SDKROOT = iphoneos;
				SWIFT_ACTIVE_COMPILATION_CONDITIONS = DEBUG;
				SWIFT_OPTIMIZATION_LEVEL = "-Onone";
			};
			name = Debug;
		};
		370565E9249E96CD00AB4D1F /* Release */ = {
			isa = XCBuildConfiguration;
			buildSettings = {
				ALWAYS_SEARCH_USER_PATHS = NO;
				CLANG_ANALYZER_NONNULL = YES;
				CLANG_ANALYZER_NUMBER_OBJECT_CONVERSION = YES_AGGRESSIVE;
				CLANG_CXX_LANGUAGE_STANDARD = "gnu++14";
				CLANG_CXX_LIBRARY = "libc++";
				CLANG_ENABLE_MODULES = YES;
				CLANG_ENABLE_OBJC_ARC = YES;
				CLANG_ENABLE_OBJC_WEAK = YES;
				CLANG_WARN_BLOCK_CAPTURE_AUTORELEASING = YES;
				CLANG_WARN_BOOL_CONVERSION = YES;
				CLANG_WARN_COMMA = YES;
				CLANG_WARN_CONSTANT_CONVERSION = YES;
				CLANG_WARN_DEPRECATED_OBJC_IMPLEMENTATIONS = YES;
				CLANG_WARN_DIRECT_OBJC_ISA_USAGE = YES_ERROR;
				CLANG_WARN_DOCUMENTATION_COMMENTS = YES;
				CLANG_WARN_EMPTY_BODY = YES;
				CLANG_WARN_ENUM_CONVERSION = YES;
				CLANG_WARN_INFINITE_RECURSION = YES;
				CLANG_WARN_INT_CONVERSION = YES;
				CLANG_WARN_NON_LITERAL_NULL_CONVERSION = YES;
				CLANG_WARN_OBJC_IMPLICIT_RETAIN_SELF = YES;
				CLANG_WARN_OBJC_LITERAL_CONVERSION = YES;
				CLANG_WARN_OBJC_ROOT_CLASS = YES_ERROR;
				CLANG_WARN_RANGE_LOOP_ANALYSIS = YES;
				CLANG_WARN_STRICT_PROTOTYPES = YES;
				CLANG_WARN_SUSPICIOUS_MOVE = YES;
				CLANG_WARN_UNGUARDED_AVAILABILITY = YES_AGGRESSIVE;
				CLANG_WARN_UNREACHABLE_CODE = YES;
				CLANG_WARN__DUPLICATE_METHOD_MATCH = YES;
				COPY_PHASE_STRIP = NO;
				DEBUG_INFORMATION_FORMAT = "dwarf-with-dsym";
				ENABLE_NS_ASSERTIONS = NO;
				ENABLE_STRICT_OBJC_MSGSEND = YES;
				GCC_C_LANGUAGE_STANDARD = gnu11;
				GCC_NO_COMMON_BLOCKS = YES;
				GCC_WARN_64_TO_32_BIT_CONVERSION = YES;
				GCC_WARN_ABOUT_RETURN_TYPE = YES_ERROR;
				GCC_WARN_UNDECLARED_SELECTOR = YES;
				GCC_WARN_UNINITIALIZED_AUTOS = YES_AGGRESSIVE;
				GCC_WARN_UNUSED_FUNCTION = YES;
				GCC_WARN_UNUSED_VARIABLE = YES;
				IPHONEOS_DEPLOYMENT_TARGET = 13.5;
				MTL_ENABLE_DEBUG_INFO = NO;
				MTL_FAST_MATH = YES;
				SDKROOT = iphoneos;
				SWIFT_COMPILATION_MODE = wholemodule;
				SWIFT_OPTIMIZATION_LEVEL = "-O";
				VALIDATE_PRODUCT = YES;
			};
			name = Release;
		};
		370565EB249E96CD00AB4D1F /* Debug */ = {
			isa = XCBuildConfiguration;
			buildSettings = {
				ASSETCATALOG_COMPILER_APPICON_NAME = AppIcon;
				CODE_SIGN_STYLE = Automatic;
				DEVELOPMENT_TEAM = FJ8R424564;
				INFOPLIST_FILE = crab/Info.plist;
				LD_RUNPATH_SEARCH_PATHS = (
					"$(inherited)",
					"@executable_path/Frameworks",
				);
				PRODUCT_BUNDLE_IDENTIFIER = "com.crab-eats-onions.crab";
				PRODUCT_NAME = George;
				SWIFT_VERSION = 5.0;
				TARGETED_DEVICE_FAMILY = "1,2";
			};
			name = Debug;
		};
		370565EC249E96CD00AB4D1F /* Release */ = {
			isa = XCBuildConfiguration;
			buildSettings = {
				ASSETCATALOG_COMPILER_APPICON_NAME = AppIcon;
				CODE_SIGN_STYLE = Automatic;
				DEVELOPMENT_TEAM = FJ8R424564;
				INFOPLIST_FILE = crab/Info.plist;
				LD_RUNPATH_SEARCH_PATHS = (
					"$(inherited)",
					"@executable_path/Frameworks",
				);
				PRODUCT_BUNDLE_IDENTIFIER = "com.crab-eats-onions.crab";
				PRODUCT_NAME = George;
				SWIFT_VERSION = 5.0;
				TARGETED_DEVICE_FAMILY = "1,2";
			};
			name = Release;
		};
		370565EE249E96CD00AB4D1F /* Debug */ = {
			isa = XCBuildConfiguration;
			buildSettings = {
				ALWAYS_EMBED_SWIFT_STANDARD_LIBRARIES = YES;
				BUNDLE_LOADER = "$(TEST_HOST)";
				CODE_SIGN_STYLE = Automatic;
				INFOPLIST_FILE = crabTests/Info.plist;
				IPHONEOS_DEPLOYMENT_TARGET = 13.5;
				LD_RUNPATH_SEARCH_PATHS = (
					"$(inherited)",
					"@executable_path/Frameworks",
					"@loader_path/Frameworks",
				);
				PRODUCT_BUNDLE_IDENTIFIER = "com.crab-eats-onions.crabTests";
				PRODUCT_NAME = "$(TARGET_NAME)";
				SWIFT_VERSION = 5.0;
				TARGETED_DEVICE_FAMILY = "1,2";
				TEST_HOST = "$(BUILT_PRODUCTS_DIR)/crab.app/crab";
			};
			name = Debug;
		};
		370565EF249E96CD00AB4D1F /* Release */ = {
			isa = XCBuildConfiguration;
			buildSettings = {
				ALWAYS_EMBED_SWIFT_STANDARD_LIBRARIES = YES;
				BUNDLE_LOADER = "$(TEST_HOST)";
				CODE_SIGN_STYLE = Automatic;
				INFOPLIST_FILE = crabTests/Info.plist;
				IPHONEOS_DEPLOYMENT_TARGET = 13.5;
				LD_RUNPATH_SEARCH_PATHS = (
					"$(inherited)",
					"@executable_path/Frameworks",
					"@loader_path/Frameworks",
				);
				PRODUCT_BUNDLE_IDENTIFIER = "com.crab-eats-onions.crabTests";
				PRODUCT_NAME = "$(TARGET_NAME)";
				SWIFT_VERSION = 5.0;
				TARGETED_DEVICE_FAMILY = "1,2";
				TEST_HOST = "$(BUILT_PRODUCTS_DIR)/crab.app/crab";
			};
			name = Release;
		};
		370565F1249E96CD00AB4D1F /* Debug */ = {
			isa = XCBuildConfiguration;
			buildSettings = {
				ALWAYS_EMBED_SWIFT_STANDARD_LIBRARIES = YES;
				CODE_SIGN_STYLE = Automatic;
				INFOPLIST_FILE = crabUITests/Info.plist;
				LD_RUNPATH_SEARCH_PATHS = (
					"$(inherited)",
					"@executable_path/Frameworks",
					"@loader_path/Frameworks",
				);
				PRODUCT_BUNDLE_IDENTIFIER = "com.crab-eats-onions.crabUITests";
				PRODUCT_NAME = "$(TARGET_NAME)";
				SWIFT_VERSION = 5.0;
				TARGETED_DEVICE_FAMILY = "1,2";
				TEST_TARGET_NAME = crab;
			};
			name = Debug;
		};
		370565F2249E96CD00AB4D1F /* Release */ = {
			isa = XCBuildConfiguration;
			buildSettings = {
				ALWAYS_EMBED_SWIFT_STANDARD_LIBRARIES = YES;
				CODE_SIGN_STYLE = Automatic;
				INFOPLIST_FILE = crabUITests/Info.plist;
				LD_RUNPATH_SEARCH_PATHS = (
					"$(inherited)",
					"@executable_path/Frameworks",
					"@loader_path/Frameworks",
				);
				PRODUCT_BUNDLE_IDENTIFIER = "com.crab-eats-onions.crabUITests";
				PRODUCT_NAME = "$(TARGET_NAME)";
				SWIFT_VERSION = 5.0;
				TARGETED_DEVICE_FAMILY = "1,2";
				TEST_TARGET_NAME = crab;
			};
			name = Release;
		};
/* End XCBuildConfiguration section */

/* Begin XCConfigurationList section */
		370565B7249E96CB00AB4D1F /* Build configuration list for PBXProject "crab" */ = {
			isa = XCConfigurationList;
			buildConfigurations = (
				370565E8249E96CD00AB4D1F /* Debug */,
				370565E9249E96CD00AB4D1F /* Release */,
			);
			defaultConfigurationIsVisible = 0;
			defaultConfigurationName = Release;
		};
		370565EA249E96CD00AB4D1F /* Build configuration list for PBXNativeTarget "crab" */ = {
			isa = XCConfigurationList;
			buildConfigurations = (
				370565EB249E96CD00AB4D1F /* Debug */,
				370565EC249E96CD00AB4D1F /* Release */,
			);
			defaultConfigurationIsVisible = 0;
			defaultConfigurationName = Release;
		};
		370565ED249E96CD00AB4D1F /* Build configuration list for PBXNativeTarget "crabTests" */ = {
			isa = XCConfigurationList;
			buildConfigurations = (
				370565EE249E96CD00AB4D1F /* Debug */,
				370565EF249E96CD00AB4D1F /* Release */,
			);
			defaultConfigurationIsVisible = 0;
			defaultConfigurationName = Release;
		};
		370565F0249E96CD00AB4D1F /* Build configuration list for PBXNativeTarget "crabUITests" */ = {
			isa = XCConfigurationList;
			buildConfigurations = (
				370565F1249E96CD00AB4D1F /* Debug */,
				370565F2249E96CD00AB4D1F /* Release */,
			);
			defaultConfigurationIsVisible = 0;
			defaultConfigurationName = Release;
		};
/* End XCConfigurationList section */
	};
	rootObject = 370565B4249E96CB00AB4D1F /* Project object */;
}
